
Microsoft Visual Studio Solution File, Format Version 12.00
# Visual Studio Version 17
VisualStudioVersion = 17.0.31612.314
MinimumVisualStudioVersion = 10.0.40219.1
Project("{FAE04EC0-301F-11D3-BF4B-00C04F79EFBC}") = "WPFExample", "WPFExample\WPFExample.csproj", "{2B27872C-D3BC-42F7-8D71-8AB07261D812}"
EndProject
Project("{9A19103F-16F7-4668-BE54-9A1E7A4F7556}") = "QuantGateSignalsAPI", "QuantGateSignalsAPI\QuantGateSignalsAPI.csproj", "{6E993EFA-26B3-48C3-B4C8-3C5D7E7C79A4}"
EndProject
Project("{FAE04EC0-301F-11D3-BF4B-00C04F79EFBC}") = "WindowsFormsExample", "WindowsFormsExample\WindowsFormsExample.csproj", "{694D0388-6C6D-499D-8A60-FA9195818EEE}"
EndProject
Project("{FAE04EC0-301F-11D3-BF4B-00C04F79EFBC}") = "ConsoleStrategyExample", "ConsoleStrategyExample\ConsoleStrategyExample.csproj", "{92EBF14E-8B0C-4FBE-A693-3FE3033E64BC}"
EndProject
Project("{FAE04EC0-301F-11D3-BF4B-00C04F79EFBC}") = "AccountAPI", "AccountAPI\AccountAPI.csproj", "{9B61EA83-D32D-48AB-91A4-931CA3451195}"
EndProject
Global
	GlobalSection(SolutionConfigurationPlatforms) = preSolution
		Debug|Any CPU = Debug|Any CPU
		Release|Any CPU = Release|Any CPU
	EndGlobalSection
	GlobalSection(ProjectConfigurationPlatforms) = postSolution
		{2B27872C-D3BC-42F7-8D71-8AB07261D812}.Debug|Any CPU.ActiveCfg = Debug|Any CPU
		{2B27872C-D3BC-42F7-8D71-8AB07261D812}.Debug|Any CPU.Build.0 = Debug|Any CPU
		{2B27872C-D3BC-42F7-8D71-8AB07261D812}.Release|Any CPU.ActiveCfg = Release|Any CPU
		{2B27872C-D3BC-42F7-8D71-8AB07261D812}.Release|Any CPU.Build.0 = Release|Any CPU
		{6E993EFA-26B3-48C3-B4C8-3C5D7E7C79A4}.Debug|Any CPU.ActiveCfg = Debug|Any CPU
		{6E993EFA-26B3-48C3-B4C8-3C5D7E7C79A4}.Debug|Any CPU.Build.0 = Debug|Any CPU
		{6E993EFA-26B3-48C3-B4C8-3C5D7E7C79A4}.Release|Any CPU.ActiveCfg = Release|Any CPU
		{6E993EFA-26B3-48C3-B4C8-3C5D7E7C79A4}.Release|Any CPU.Build.0 = Release|Any CPU
		{694D0388-6C6D-499D-8A60-FA9195818EEE}.Debug|Any CPU.ActiveCfg = Debug|Any CPU
		{694D0388-6C6D-499D-8A60-FA9195818EEE}.Debug|Any CPU.Build.0 = Debug|Any CPU
		{694D0388-6C6D-499D-8A60-FA9195818EEE}.Release|Any CPU.ActiveCfg = Release|Any CPU
		{694D0388-6C6D-499D-8A60-FA9195818EEE}.Release|Any CPU.Build.0 = Release|Any CPU
		{92EBF14E-8B0C-4FBE-A693-3FE3033E64BC}.Debug|Any CPU.ActiveCfg = Debug|Any CPU
		{92EBF14E-8B0C-4FBE-A693-3FE3033E64BC}.Debug|Any CPU.Build.0 = Debug|Any CPU
		{92EBF14E-8B0C-4FBE-A693-3FE3033E64BC}.Release|Any CPU.ActiveCfg = Release|Any CPU
		{92EBF14E-8B0C-4FBE-A693-3FE3033E64BC}.Release|Any CPU.Build.0 = Release|Any CPU
		{9B61EA83-D32D-48AB-91A4-931CA3451195}.Debug|Any CPU.ActiveCfg = Debug|Any CPU
		{9B61EA83-D32D-48AB-91A4-931CA3451195}.Debug|Any CPU.Build.0 = Debug|Any CPU
		{9B61EA83-D32D-48AB-91A4-931CA3451195}.Release|Any CPU.ActiveCfg = Release|Any CPU
		{9B61EA83-D32D-48AB-91A4-931CA3451195}.Release|Any CPU.Build.0 = Release|Any CPU
	EndGlobalSection
	GlobalSection(SolutionProperties) = preSolution
		HideSolutionNode = FALSE
	EndGlobalSection
	GlobalSection(ExtensibilityGlobals) = postSolution
		SolutionGuid = {D08CCAB3-BB7F-42E3-A707-30C19766CB00}
	EndGlobalSection
EndGlobal
