
Microsoft Visual Studio Solution File, Format Version 12.00
# Visual Studio Version 17
VisualStudioVersion = 17.1.32104.313
MinimumVisualStudioVersion = 10.0.40219.1
Project("{9A19103F-16F7-4668-BE54-9A1E7A4F7556}") = "BlazorExample", "BlazorExample.csproj", "{87D745BD-FC28-4ABE-82AE-90A919735CC7}"
EndProject
Project("{9A19103F-16F7-4668-BE54-9A1E7A4F7556}") = "AccountAPI", "..\AccountAPI\AccountAPI.csproj", "{D88C737C-9920-4D20-A44F-58E895C538CB}"
EndProject
Project("{9A19103F-16F7-4668-BE54-9A1E7A4F7556}") = "QuantGateSignalsAPI", "..\QuantGateSignalsAPI\QuantGateSignalsAPI.csproj", "{9366ACCE-071B-4280-95F2-2EBB9B97591C}"
EndProject
Global
	GlobalSection(SolutionConfigurationPlatforms) = preSolution
		Debug|Any CPU = Debug|Any CPU
		Release|Any CPU = Release|Any CPU
	EndGlobalSection
	GlobalSection(ProjectConfigurationPlatforms) = postSolution
		{87D745BD-FC28-4ABE-82AE-90A919735CC7}.Debug|Any CPU.ActiveCfg = Debug|Any CPU
		{87D745BD-FC28-4ABE-82AE-90A919735CC7}.Debug|Any CPU.Build.0 = Debug|Any CPU
		{87D745BD-FC28-4ABE-82AE-90A919735CC7}.Release|Any CPU.ActiveCfg = Release|Any CPU
		{87D745BD-FC28-4ABE-82AE-90A919735CC7}.Release|Any CPU.Build.0 = Release|Any CPU
		{D88C737C-9920-4D20-A44F-58E895C538CB}.Debug|Any CPU.ActiveCfg = Debug|Any CPU
		{D88C737C-9920-4D20-A44F-58E895C538CB}.Debug|Any CPU.Build.0 = Debug|Any CPU
		{D88C737C-9920-4D20-A44F-58E895C538CB}.Release|Any CPU.ActiveCfg = Release|Any CPU
		{D88C737C-9920-4D20-A44F-58E895C538CB}.Release|Any CPU.Build.0 = Release|Any CPU
		{9366ACCE-071B-4280-95F2-2EBB9B97591C}.Debug|Any CPU.ActiveCfg = Debug|Any CPU
		{9366ACCE-071B-4280-95F2-2EBB9B97591C}.Debug|Any CPU.Build.0 = Debug|Any CPU
		{9366ACCE-071B-4280-95F2-2EBB9B97591C}.Release|Any CPU.ActiveCfg = Release|Any CPU
		{9366ACCE-071B-4280-95F2-2EBB9B97591C}.Release|Any CPU.Build.0 = Release|Any CPU
	EndGlobalSection
	GlobalSection(SolutionProperties) = preSolution
		HideSolutionNode = FALSE
	EndGlobalSection
	GlobalSection(ExtensibilityGlobals) = postSolution
		SolutionGuid = {5D5F1BFA-7F30-491C-9789-8B28858DD928}
	EndGlobalSection
EndGlobal
