
Microsoft Visual Studio Solution File, Format Version 12.00
# Visual Studio Version 17
VisualStudioVersion = 17.0.31611.283
MinimumVisualStudioVersion = 10.0.40219.1
Project("{9A19103F-16F7-4668-BE54-9A1E7A4F7556}") = "MauiExample", "MauiExample.csproj", "{C13F2493-1376-443D-9E41-057FE5FE50BA}"
EndProject
Project("{9A19103F-16F7-4668-BE54-9A1E7A4F7556}") = "QuantGateSignalsAPI.Net6", "..\QuantGateSignalsAPI.Net6\QuantGateSignalsAPI.Net6.csproj", "{438AB480-B9F0-4ACA-8766-270056C64B07}"
EndProject
Project("{9A19103F-16F7-4668-BE54-9A1E7A4F7556}") = "AccountAPI", "..\AccountAPI.Net6\AccountAPI.csproj", "{47F93D82-8993-4E1B-AE8E-9374906CBF9D}"
EndProject
Global
	GlobalSection(SolutionConfigurationPlatforms) = preSolution
		Debug|Any CPU = Debug|Any CPU
		Release|Any CPU = Release|Any CPU
	EndGlobalSection
	GlobalSection(ProjectConfigurationPlatforms) = postSolution
		{C13F2493-1376-443D-9E41-057FE5FE50BA}.Debug|Any CPU.ActiveCfg = Debug|Any CPU
		{C13F2493-1376-443D-9E41-057FE5FE50BA}.Debug|Any CPU.Build.0 = Debug|Any CPU
		{C13F2493-1376-443D-9E41-057FE5FE50BA}.Debug|Any CPU.Deploy.0 = Debug|Any CPU
		{C13F2493-1376-443D-9E41-057FE5FE50BA}.Release|Any CPU.ActiveCfg = Release|Any CPU
		{C13F2493-1376-443D-9E41-057FE5FE50BA}.Release|Any CPU.Build.0 = Release|Any CPU
		{C13F2493-1376-443D-9E41-057FE5FE50BA}.Release|Any CPU.Deploy.0 = Release|Any CPU
		{438AB480-B9F0-4ACA-8766-270056C64B07}.Debug|Any CPU.ActiveCfg = Debug|Any CPU
		{438AB480-B9F0-4ACA-8766-270056C64B07}.Debug|Any CPU.Build.0 = Debug|Any CPU
		{438AB480-B9F0-4ACA-8766-270056C64B07}.Release|Any CPU.ActiveCfg = Release|Any CPU
		{438AB480-B9F0-4ACA-8766-270056C64B07}.Release|Any CPU.Build.0 = Release|Any CPU
		{47F93D82-8993-4E1B-AE8E-9374906CBF9D}.Debug|Any CPU.ActiveCfg = Debug|Any CPU
		{47F93D82-8993-4E1B-AE8E-9374906CBF9D}.Debug|Any CPU.Build.0 = Debug|Any CPU
		{47F93D82-8993-4E1B-AE8E-9374906CBF9D}.Release|Any CPU.ActiveCfg = Release|Any CPU
		{47F93D82-8993-4E1B-AE8E-9374906CBF9D}.Release|Any CPU.Build.0 = Release|Any CPU
	EndGlobalSection
	GlobalSection(SolutionProperties) = preSolution
		HideSolutionNode = FALSE
	EndGlobalSection
	GlobalSection(ExtensibilityGlobals) = postSolution
		SolutionGuid = {61F7FB11-1E47-470C-91E2-47F8143E1572}
	EndGlobalSection
EndGlobal
